
Microsoft Visual Studio Solution File, Format Version 12.00
# Visual Studio Version 17
VisualStudioVersion = 17.8.34322.80
MinimumVisualStudioVersion = 10.0.40219.1
Project("{9A19103F-16F7-4668-BE54-9A1E7A4F7556}") = "va-veis-healthdatarepo", "va-veis-healthdatarepo\va-veis-healthdatarepo.csproj", "{8F567104-F423-4B9A-BF7F-A1B71BB5F1D1}"
EndProject
Global
	GlobalSection(SolutionConfigurationPlatforms) = preSolution
		Debug|Any CPU = Debug|Any CPU
		Development|Any CPU = Development|Any CPU
		PreProd|Any CPU = PreProd|Any CPU
		Production|Any CPU = Production|Any CPU
		Release|Any CPU = Release|Any CPU
	EndGlobalSection
	GlobalSection(ProjectConfigurationPlatforms) = postSolution
		{8F567104-F423-4B9A-BF7F-A1B71BB5F1D1}.Debug|Any CPU.ActiveCfg = Debug|Any CPU
		{8F567104-F423-4B9A-BF7F-A1B71BB5F1D1}.Debug|Any CPU.Build.0 = Debug|Any CPU
		{8F567104-F423-4B9A-BF7F-A1B71BB5F1D1}.Development|Any CPU.ActiveCfg = Development|Any CPU
		{8F567104-F423-4B9A-BF7F-A1B71BB5F1D1}.Development|Any CPU.Build.0 = Development|Any CPU
		{8F567104-F423-4B9A-BF7F-A1B71BB5F1D1}.PreProd|Any CPU.ActiveCfg = PreProd|Any CPU
		{8F567104-F423-4B9A-BF7F-A1B71BB5F1D1}.PreProd|Any CPU.Build.0 = PreProd|Any CPU
		{8F567104-F423-4B9A-BF7F-A1B71BB5F1D1}.Production|Any CPU.ActiveCfg = Production|Any CPU
		{8F567104-F423-4B9A-BF7F-A1B71BB5F1D1}.Production|Any CPU.Build.0 = Production|Any CPU
		{8F567104-F423-4B9A-BF7F-A1B71BB5F1D1}.Release|Any CPU.ActiveCfg = Release|Any CPU
		{8F567104-F423-4B9A-BF7F-A1B71BB5F1D1}.Release|Any CPU.Build.0 = Release|Any CPU
	EndGlobalSection
	GlobalSection(SolutionProperties) = preSolution
		HideSolutionNode = FALSE
	EndGlobalSection
	GlobalSection(ExtensibilityGlobals) = postSolution
		SolutionGuid = {E1FD8B6E-F99B-45AF-973D-579704852AF8}
	EndGlobalSection
EndGlobal
