
Microsoft Visual Studio Solution File, Format Version 12.00
# Visual Studio Version 17
VisualStudioVersion = 17.5.002.0
MinimumVisualStudioVersion = 10.0.40219.1
Project("{9A19103F-16F7-4668-BE54-9A1E7A4F7556}") = "va-veis-healthdatarepo", "va-veis-healthdatarepo\va-veis-healthdatarepo.csproj", "{77F42BC1-179B-4CC8-9BC6-6DC481324603}"
EndProject
Global
	GlobalSection(SolutionConfigurationPlatforms) = preSolution
		Debug|Any CPU = Debug|Any CPU
		Release|Any CPU = Release|Any CPU
	EndGlobalSection
	GlobalSection(ProjectConfigurationPlatforms) = postSolution
		{77F42BC1-179B-4CC8-9BC6-6DC481324603}.Debug|Any CPU.ActiveCfg = Debug|Any CPU
		{77F42BC1-179B-4CC8-9BC6-6DC481324603}.Debug|Any CPU.Build.0 = Debug|Any CPU
		{77F42BC1-179B-4CC8-9BC6-6DC481324603}.Release|Any CPU.ActiveCfg = Release|Any CPU
		{77F42BC1-179B-4CC8-9BC6-6DC481324603}.Release|Any CPU.Build.0 = Release|Any CPU
	EndGlobalSection
	GlobalSection(SolutionProperties) = preSolution
		HideSolutionNode = FALSE
	EndGlobalSection
	GlobalSection(ExtensibilityGlobals) = postSolution
		SolutionGuid = {C5CD4C5E-A614-4735-ACFC-39707BFA8DD6}
	EndGlobalSection
EndGlobal
